{
  "name": "steamxd_evaluation_platform",
  "version": "0.1.0",
  "lockfileVersion": 2,
  "requires": true,
  "packages": {
    "": {
      "name": "steamxd_evaluation_platform",
      "version": "0.1.0",
      "license": "ISC",
      "dependencies": {
        "@types/html-to-text": "^9.0.0",
        "@types/pug": "^2.0.6"
      }
    },
    "node_modules/@types/html-to-text": {
      "version": "9.0.0",
      "resolved": "https://registry.npmjs.org/@types/html-to-text/-/html-to-text-9.0.0.tgz",
      "integrity": "sha512-FnF3p2FJZ1kJT/0C/lmBzw7HSlH3RhtACVYyrwUsJoCmFNuiLpusWT2FWWB7P9A48CaYpvD6Q2fprn7sZeffpw=="
    },
    "node_modules/@types/pug": {
      "version": "2.0.6",
      "resolved": "https://registry.npmjs.org/@types/pug/-/pug-2.0.6.tgz",
      "integrity": "sha512-SnHmG9wN1UVmagJOnyo/qkk0Z7gejYxOYYmaAwr5u2yFYfsupN3sg10kyzN8Hep/2zbHxCnsumxOoRIRMBwKCg=="
    }
  },
  "dependencies": {
    "@types/html-to-text": {
      "version": "9.0.0",
      "resolved": "https://registry.npmjs.org/@types/html-to-text/-/html-to-text-9.0.0.tgz",
      "integrity": "sha512-FnF3p2FJZ1kJT/0C/lmBzw7HSlH3RhtACVYyrwUsJoCmFNuiLpusWT2FWWB7P9A48CaYpvD6Q2fprn7sZeffpw=="
    },
    "@types/pug": {
      "version": "2.0.6",
      "resolved": "https://registry.npmjs.org/@types/pug/-/pug-2.0.6.tgz",
      "integrity": "sha512-SnHmG9wN1UVmagJOnyo/qkk0Z7gejYxOYYmaAwr5u2yFYfsupN3sg10kyzN8Hep/2zbHxCnsumxOoRIRMBwKCg=="
    }
  }
}
